
Microsoft Visual Studio Solution File, Format Version 12.00
# Visual Studio Version 16
VisualStudioVersion = 16.0.30128.74
MinimumVisualStudioVersion = 10.0.40219.1
Project("{9A19103F-16F7-4668-BE54-9A1E7A4F7556}") = "livelywpf", "livelywpf\livelywpf.csproj", "{41B84B23-6B67-4CEF-8A25-054C44843E85}"
EndProject
Project("{C7167F0D-BC9F-4E6E-AFE1-012C56B48DB5}") = "livelywpf.Package", "livelywpf.Package\livelywpf.Package.wapproj", "{C4F1BC39-66AE-425C-90F6-C28500A63740}"
EndProject
Project("{FAE04EC0-301F-11D3-BF4B-00C04F79EFBC}") = "livelySubProcess", "livelySubProcess\livelySubProcess.csproj", "{8F6553E4-ADA8-4DF5-A80F-C14DB404ACC6}"
EndProject
Global
	GlobalSection(SolutionConfigurationPlatforms) = preSolution
		Debug|Any CPU = Debug|Any CPU
		Debug|ARM = Debug|ARM
		Debug|ARM64 = Debug|ARM64
		Debug|x64 = Debug|x64
		Debug|x86 = Debug|x86
		Release|Any CPU = Release|Any CPU
		Release|ARM = Release|ARM
		Release|ARM64 = Release|ARM64
		Release|x64 = Release|x64
		Release|x86 = Release|x86
	EndGlobalSection
	GlobalSection(ProjectConfigurationPlatforms) = postSolution
		{41B84B23-6B67-4CEF-8A25-054C44843E85}.Debug|Any CPU.ActiveCfg = Debug|Any CPU
		{41B84B23-6B67-4CEF-8A25-054C44843E85}.Debug|Any CPU.Build.0 = Debug|Any CPU
		{41B84B23-6B67-4CEF-8A25-054C44843E85}.Debug|ARM.ActiveCfg = Debug|Any CPU
		{41B84B23-6B67-4CEF-8A25-054C44843E85}.Debug|ARM.Build.0 = Debug|Any CPU
		{41B84B23-6B67-4CEF-8A25-054C44843E85}.Debug|ARM64.ActiveCfg = Debug|Any CPU
		{41B84B23-6B67-4CEF-8A25-054C44843E85}.Debug|ARM64.Build.0 = Debug|Any CPU
		{41B84B23-6B67-4CEF-8A25-054C44843E85}.Debug|x64.ActiveCfg = Debug|x64
		{41B84B23-6B67-4CEF-8A25-054C44843E85}.Debug|x64.Build.0 = Debug|x64
		{41B84B23-6B67-4CEF-8A25-054C44843E85}.Debug|x86.ActiveCfg = Debug|x86
		{41B84B23-6B67-4CEF-8A25-054C44843E85}.Debug|x86.Build.0 = Debug|x86
		{41B84B23-6B67-4CEF-8A25-054C44843E85}.Release|Any CPU.ActiveCfg = Release|Any CPU
		{41B84B23-6B67-4CEF-8A25-054C44843E85}.Release|Any CPU.Build.0 = Release|Any CPU
		{41B84B23-6B67-4CEF-8A25-054C44843E85}.Release|ARM.ActiveCfg = Release|Any CPU
		{41B84B23-6B67-4CEF-8A25-054C44843E85}.Release|ARM.Build.0 = Release|Any CPU
		{41B84B23-6B67-4CEF-8A25-054C44843E85}.Release|ARM64.ActiveCfg = Release|Any CPU
		{41B84B23-6B67-4CEF-8A25-054C44843E85}.Release|ARM64.Build.0 = Release|Any CPU
		{41B84B23-6B67-4CEF-8A25-054C44843E85}.Release|x64.ActiveCfg = Release|x64
		{41B84B23-6B67-4CEF-8A25-054C44843E85}.Release|x64.Build.0 = Release|x64
		{41B84B23-6B67-4CEF-8A25-054C44843E85}.Release|x86.ActiveCfg = Release|x86
		{41B84B23-6B67-4CEF-8A25-054C44843E85}.Release|x86.Build.0 = Release|x86
		{C4F1BC39-66AE-425C-90F6-C28500A63740}.Debug|Any CPU.ActiveCfg = Debug|Any CPU
		{C4F1BC39-66AE-425C-90F6-C28500A63740}.Debug|Any CPU.Build.0 = Debug|Any CPU
		{C4F1BC39-66AE-425C-90F6-C28500A63740}.Debug|Any CPU.Deploy.0 = Debug|Any CPU
		{C4F1BC39-66AE-425C-90F6-C28500A63740}.Debug|ARM.ActiveCfg = Debug|ARM
		{C4F1BC39-66AE-425C-90F6-C28500A63740}.Debug|ARM.Build.0 = Debug|ARM
		{C4F1BC39-66AE-425C-90F6-C28500A63740}.Debug|ARM.Deploy.0 = Debug|ARM
		{C4F1BC39-66AE-425C-90F6-C28500A63740}.Debug|ARM64.ActiveCfg = Debug|ARM64
		{C4F1BC39-66AE-425C-90F6-C28500A63740}.Debug|ARM64.Build.0 = Debug|ARM64
		{C4F1BC39-66AE-425C-90F6-C28500A63740}.Debug|ARM64.Deploy.0 = Debug|ARM64
		{C4F1BC39-66AE-425C-90F6-C28500A63740}.Debug|x64.ActiveCfg = Debug|x64
		{C4F1BC39-66AE-425C-90F6-C28500A63740}.Debug|x64.Build.0 = Debug|x64
		{C4F1BC39-66AE-425C-90F6-C28500A63740}.Debug|x64.Deploy.0 = Debug|x64
		{C4F1BC39-66AE-425C-90F6-C28500A63740}.Debug|x86.ActiveCfg = Debug|x86
		{C4F1BC39-66AE-425C-90F6-C28500A63740}.Debug|x86.Build.0 = Debug|x86
		{C4F1BC39-66AE-425C-90F6-C28500A63740}.Debug|x86.Deploy.0 = Debug|x86
		{C4F1BC39-66AE-425C-90F6-C28500A63740}.Release|Any CPU.ActiveCfg = Release|Any CPU
		{C4F1BC39-66AE-425C-90F6-C28500A63740}.Release|Any CPU.Build.0 = Release|Any CPU
		{C4F1BC39-66AE-425C-90F6-C28500A63740}.Release|Any CPU.Deploy.0 = Release|Any CPU
		{C4F1BC39-66AE-425C-90F6-C28500A63740}.Release|ARM.ActiveCfg = Release|ARM
		{C4F1BC39-66AE-425C-90F6-C28500A63740}.Release|ARM.Build.0 = Release|ARM
		{C4F1BC39-66AE-425C-90F6-C28500A63740}.Release|ARM.Deploy.0 = Release|ARM
		{C4F1BC39-66AE-425C-90F6-C28500A63740}.Release|ARM64.ActiveCfg = Release|ARM64
		{C4F1BC39-66AE-425C-90F6-C28500A63740}.Release|ARM64.Build.0 = Release|ARM64
		{C4F1BC39-66AE-425C-90F6-C28500A63740}.Release|ARM64.Deploy.0 = Release|ARM64
		{C4F1BC39-66AE-425C-90F6-C28500A63740}.Release|x64.ActiveCfg = Release|x64
		{C4F1BC39-66AE-425C-90F6-C28500A63740}.Release|x64.Build.0 = Release|x64
		{C4F1BC39-66AE-425C-90F6-C28500A63740}.Release|x64.Deploy.0 = Release|x64
		{C4F1BC39-66AE-425C-90F6-C28500A63740}.Release|x86.ActiveCfg = Release|x86
		{C4F1BC39-66AE-425C-90F6-C28500A63740}.Release|x86.Build.0 = Release|x86
		{C4F1BC39-66AE-425C-90F6-C28500A63740}.Release|x86.Deploy.0 = Release|x86
		{8F6553E4-ADA8-4DF5-A80F-C14DB404ACC6}.Debug|Any CPU.ActiveCfg = Debug|Any CPU
		{8F6553E4-ADA8-4DF5-A80F-C14DB404ACC6}.Debug|Any CPU.Build.0 = Debug|Any CPU
		{8F6553E4-ADA8-4DF5-A80F-C14DB404ACC6}.Debug|ARM.ActiveCfg = Debug|Any CPU
		{8F6553E4-ADA8-4DF5-A80F-C14DB404ACC6}.Debug|ARM.Build.0 = Debug|Any CPU
		{8F6553E4-ADA8-4DF5-A80F-C14DB404ACC6}.Debug|ARM64.ActiveCfg = Debug|Any CPU
		{8F6553E4-ADA8-4DF5-A80F-C14DB404ACC6}.Debug|ARM64.Build.0 = Debug|Any CPU
		{8F6553E4-ADA8-4DF5-A80F-C14DB404ACC6}.Debug|x64.ActiveCfg = Debug|Any CPU
		{8F6553E4-ADA8-4DF5-A80F-C14DB404ACC6}.Debug|x64.Build.0 = Debug|Any CPU
		{8F6553E4-ADA8-4DF5-A80F-C14DB404ACC6}.Debug|x86.ActiveCfg = Debug|x86
		{8F6553E4-ADA8-4DF5-A80F-C14DB404ACC6}.Debug|x86.Build.0 = Debug|x86
		{8F6553E4-ADA8-4DF5-A80F-C14DB404ACC6}.Release|Any CPU.ActiveCfg = Release|Any CPU
		{8F6553E4-ADA8-4DF5-A80F-C14DB404ACC6}.Release|Any CPU.Build.0 = Release|Any CPU
		{8F6553E4-ADA8-4DF5-A80F-C14DB404ACC6}.Release|ARM.ActiveCfg = Release|Any CPU
		{8F6553E4-ADA8-4DF5-A80F-C14DB404ACC6}.Release|ARM.Build.0 = Release|Any CPU
		{8F6553E4-ADA8-4DF5-A80F-C14DB404ACC6}.Release|ARM64.ActiveCfg = Release|Any CPU
		{8F6553E4-ADA8-4DF5-A80F-C14DB404ACC6}.Release|ARM64.Build.0 = Release|Any CPU
		{8F6553E4-ADA8-4DF5-A80F-C14DB404ACC6}.Release|x64.ActiveCfg = Release|Any CPU
		{8F6553E4-ADA8-4DF5-A80F-C14DB404ACC6}.Release|x64.Build.0 = Release|Any CPU
		{8F6553E4-ADA8-4DF5-A80F-C14DB404ACC6}.Release|x86.ActiveCfg = Release|x86
		{8F6553E4-ADA8-4DF5-A80F-C14DB404ACC6}.Release|x86.Build.0 = Release|x86
	EndGlobalSection
	GlobalSection(SolutionProperties) = preSolution
		HideSolutionNode = FALSE
	EndGlobalSection
	GlobalSection(ExtensibilityGlobals) = postSolution
		SolutionGuid = {610123B0-B303-4841-A754-BE0D8AF515DD}
	EndGlobalSection
EndGlobal
