
Microsoft Visual Studio Solution File, Format Version 12.00
# Visual Studio Version 16
VisualStudioVersion = 16.0.30717.126
MinimumVisualStudioVersion = 10.0.40219.1
Project("{9A19103F-16F7-4668-BE54-9A1E7A4F7556}") = "livelywpf", "livelywpf\livelywpf.csproj", "{81F0A352-E5E1-4CCB-89E6-3F751DD19FB7}"
EndProject
Project("{C7167F0D-BC9F-4E6E-AFE1-012C56B48DB5}") = "livelywpf.Package", "livelywpf.Package\livelywpf.Package.wapproj", "{E59DFFA5-7F57-49D9-A95F-EA663BC2897D}"
EndProject
Project("{FAE04EC0-301F-11D3-BF4B-00C04F79EFBC}") = "libMPVPlayer", "libMPVPlayer\libMPVPlayer.csproj", "{07FDE579-3EB4-4AE6-A9E6-4099A9378587}"
EndProject
Global
	GlobalSection(SolutionConfigurationPlatforms) = preSolution
		Debug|Any CPU = Debug|Any CPU
		Debug|ARM = Debug|ARM
		Debug|ARM64 = Debug|ARM64
		Debug|x64 = Debug|x64
		Debug|x86 = Debug|x86
		Release|Any CPU = Release|Any CPU
		Release|ARM = Release|ARM
		Release|ARM64 = Release|ARM64
		Release|x64 = Release|x64
		Release|x86 = Release|x86
	EndGlobalSection
	GlobalSection(ProjectConfigurationPlatforms) = postSolution
		{81F0A352-E5E1-4CCB-89E6-3F751DD19FB7}.Debug|Any CPU.ActiveCfg = Debug|Any CPU
		{81F0A352-E5E1-4CCB-89E6-3F751DD19FB7}.Debug|Any CPU.Build.0 = Debug|Any CPU
		{81F0A352-E5E1-4CCB-89E6-3F751DD19FB7}.Debug|ARM.ActiveCfg = Debug|Any CPU
		{81F0A352-E5E1-4CCB-89E6-3F751DD19FB7}.Debug|ARM.Build.0 = Debug|Any CPU
		{81F0A352-E5E1-4CCB-89E6-3F751DD19FB7}.Debug|ARM64.ActiveCfg = Debug|Any CPU
		{81F0A352-E5E1-4CCB-89E6-3F751DD19FB7}.Debug|ARM64.Build.0 = Debug|Any CPU
		{81F0A352-E5E1-4CCB-89E6-3F751DD19FB7}.Debug|x64.ActiveCfg = Debug|Any CPU
		{81F0A352-E5E1-4CCB-89E6-3F751DD19FB7}.Debug|x64.Build.0 = Debug|Any CPU
		{81F0A352-E5E1-4CCB-89E6-3F751DD19FB7}.Debug|x86.ActiveCfg = Debug|x86
		{81F0A352-E5E1-4CCB-89E6-3F751DD19FB7}.Debug|x86.Build.0 = Debug|x86
		{81F0A352-E5E1-4CCB-89E6-3F751DD19FB7}.Release|Any CPU.ActiveCfg = Release|Any CPU
		{81F0A352-E5E1-4CCB-89E6-3F751DD19FB7}.Release|Any CPU.Build.0 = Release|Any CPU
		{81F0A352-E5E1-4CCB-89E6-3F751DD19FB7}.Release|ARM.ActiveCfg = Release|Any CPU
		{81F0A352-E5E1-4CCB-89E6-3F751DD19FB7}.Release|ARM.Build.0 = Release|Any CPU
		{81F0A352-E5E1-4CCB-89E6-3F751DD19FB7}.Release|ARM64.ActiveCfg = Release|Any CPU
		{81F0A352-E5E1-4CCB-89E6-3F751DD19FB7}.Release|ARM64.Build.0 = Release|Any CPU
		{81F0A352-E5E1-4CCB-89E6-3F751DD19FB7}.Release|x64.ActiveCfg = Release|Any CPU
		{81F0A352-E5E1-4CCB-89E6-3F751DD19FB7}.Release|x64.Build.0 = Release|Any CPU
		{81F0A352-E5E1-4CCB-89E6-3F751DD19FB7}.Release|x86.ActiveCfg = Release|x86
		{81F0A352-E5E1-4CCB-89E6-3F751DD19FB7}.Release|x86.Build.0 = Release|x86
		{E59DFFA5-7F57-49D9-A95F-EA663BC2897D}.Debug|Any CPU.ActiveCfg = Debug|Any CPU
		{E59DFFA5-7F57-49D9-A95F-EA663BC2897D}.Debug|Any CPU.Build.0 = Debug|Any CPU
		{E59DFFA5-7F57-49D9-A95F-EA663BC2897D}.Debug|Any CPU.Deploy.0 = Debug|Any CPU
		{E59DFFA5-7F57-49D9-A95F-EA663BC2897D}.Debug|ARM.ActiveCfg = Debug|ARM
		{E59DFFA5-7F57-49D9-A95F-EA663BC2897D}.Debug|ARM.Build.0 = Debug|ARM
		{E59DFFA5-7F57-49D9-A95F-EA663BC2897D}.Debug|ARM.Deploy.0 = Debug|ARM
		{E59DFFA5-7F57-49D9-A95F-EA663BC2897D}.Debug|ARM64.ActiveCfg = Debug|ARM64
		{E59DFFA5-7F57-49D9-A95F-EA663BC2897D}.Debug|ARM64.Build.0 = Debug|ARM64
		{E59DFFA5-7F57-49D9-A95F-EA663BC2897D}.Debug|ARM64.Deploy.0 = Debug|ARM64
		{E59DFFA5-7F57-49D9-A95F-EA663BC2897D}.Debug|x64.ActiveCfg = Debug|x64
		{E59DFFA5-7F57-49D9-A95F-EA663BC2897D}.Debug|x64.Build.0 = Debug|x64
		{E59DFFA5-7F57-49D9-A95F-EA663BC2897D}.Debug|x64.Deploy.0 = Debug|x64
		{E59DFFA5-7F57-49D9-A95F-EA663BC2897D}.Debug|x86.ActiveCfg = Debug|x86
		{E59DFFA5-7F57-49D9-A95F-EA663BC2897D}.Debug|x86.Build.0 = Debug|x86
		{E59DFFA5-7F57-49D9-A95F-EA663BC2897D}.Debug|x86.Deploy.0 = Debug|x86
		{E59DFFA5-7F57-49D9-A95F-EA663BC2897D}.Release|Any CPU.ActiveCfg = Release|Any CPU
		{E59DFFA5-7F57-49D9-A95F-EA663BC2897D}.Release|Any CPU.Build.0 = Release|Any CPU
		{E59DFFA5-7F57-49D9-A95F-EA663BC2897D}.Release|Any CPU.Deploy.0 = Release|Any CPU
		{E59DFFA5-7F57-49D9-A95F-EA663BC2897D}.Release|ARM.ActiveCfg = Release|ARM
		{E59DFFA5-7F57-49D9-A95F-EA663BC2897D}.Release|ARM.Build.0 = Release|ARM
		{E59DFFA5-7F57-49D9-A95F-EA663BC2897D}.Release|ARM.Deploy.0 = Release|ARM
		{E59DFFA5-7F57-49D9-A95F-EA663BC2897D}.Release|ARM64.ActiveCfg = Release|ARM64
		{E59DFFA5-7F57-49D9-A95F-EA663BC2897D}.Release|ARM64.Build.0 = Release|ARM64
		{E59DFFA5-7F57-49D9-A95F-EA663BC2897D}.Release|ARM64.Deploy.0 = Release|ARM64
		{E59DFFA5-7F57-49D9-A95F-EA663BC2897D}.Release|x64.ActiveCfg = Release|x64
		{E59DFFA5-7F57-49D9-A95F-EA663BC2897D}.Release|x64.Build.0 = Release|x64
		{E59DFFA5-7F57-49D9-A95F-EA663BC2897D}.Release|x64.Deploy.0 = Release|x64
		{E59DFFA5-7F57-49D9-A95F-EA663BC2897D}.Release|x86.ActiveCfg = Release|x86
		{E59DFFA5-7F57-49D9-A95F-EA663BC2897D}.Release|x86.Build.0 = Release|x86
		{E59DFFA5-7F57-49D9-A95F-EA663BC2897D}.Release|x86.Deploy.0 = Release|x86
		{07FDE579-3EB4-4AE6-A9E6-4099A9378587}.Debug|Any CPU.ActiveCfg = Debug|Any CPU
		{07FDE579-3EB4-4AE6-A9E6-4099A9378587}.Debug|Any CPU.Build.0 = Debug|Any CPU
		{07FDE579-3EB4-4AE6-A9E6-4099A9378587}.Debug|ARM.ActiveCfg = Debug|Any CPU
		{07FDE579-3EB4-4AE6-A9E6-4099A9378587}.Debug|ARM.Build.0 = Debug|Any CPU
		{07FDE579-3EB4-4AE6-A9E6-4099A9378587}.Debug|ARM64.ActiveCfg = Debug|Any CPU
		{07FDE579-3EB4-4AE6-A9E6-4099A9378587}.Debug|ARM64.Build.0 = Debug|Any CPU
		{07FDE579-3EB4-4AE6-A9E6-4099A9378587}.Debug|x64.ActiveCfg = Debug|Any CPU
		{07FDE579-3EB4-4AE6-A9E6-4099A9378587}.Debug|x64.Build.0 = Debug|Any CPU
		{07FDE579-3EB4-4AE6-A9E6-4099A9378587}.Debug|x86.ActiveCfg = Debug|x86
		{07FDE579-3EB4-4AE6-A9E6-4099A9378587}.Debug|x86.Build.0 = Debug|x86
		{07FDE579-3EB4-4AE6-A9E6-4099A9378587}.Release|Any CPU.ActiveCfg = Release|Any CPU
		{07FDE579-3EB4-4AE6-A9E6-4099A9378587}.Release|Any CPU.Build.0 = Release|Any CPU
		{07FDE579-3EB4-4AE6-A9E6-4099A9378587}.Release|ARM.ActiveCfg = Release|Any CPU
		{07FDE579-3EB4-4AE6-A9E6-4099A9378587}.Release|ARM.Build.0 = Release|Any CPU
		{07FDE579-3EB4-4AE6-A9E6-4099A9378587}.Release|ARM64.ActiveCfg = Release|Any CPU
		{07FDE579-3EB4-4AE6-A9E6-4099A9378587}.Release|ARM64.Build.0 = Release|Any CPU
		{07FDE579-3EB4-4AE6-A9E6-4099A9378587}.Release|x64.ActiveCfg = Release|Any CPU
		{07FDE579-3EB4-4AE6-A9E6-4099A9378587}.Release|x64.Build.0 = Release|Any CPU
		{07FDE579-3EB4-4AE6-A9E6-4099A9378587}.Release|x86.ActiveCfg = Release|x86
		{07FDE579-3EB4-4AE6-A9E6-4099A9378587}.Release|x86.Build.0 = Release|x86
	EndGlobalSection
	GlobalSection(SolutionProperties) = preSolution
		HideSolutionNode = FALSE
	EndGlobalSection
	GlobalSection(ExtensibilityGlobals) = postSolution
		SolutionGuid = {A4755011-AC56-4206-BE7B-D5068A32C9F3}
	EndGlobalSection
EndGlobal
