
Microsoft Visual Studio Solution File, Format Version 12.00
# Visual Studio Version 16
VisualStudioVersion = 16.0.30128.74
MinimumVisualStudioVersion = 10.0.40219.1
Project("{9A19103F-16F7-4668-BE54-9A1E7A4F7556}") = "livelywpf", "livelywpf\livelywpf.csproj", "{41B84B23-6B67-4CEF-8A25-054C44843E85}"
EndProject
Project("{FAE04EC0-301F-11D3-BF4B-00C04F79EFBC}") = "rootuwp", "rootuwp\rootuwp.csproj", "{52B53800-6404-420A-9CF6-F49AAAD29A60}"
EndProject
Project("{FAE04EC0-301F-11D3-BF4B-00C04F79EFBC}") = "livelygrid", "livelygrid\livelygrid.csproj", "{BAEB3FF9-8189-4179-9F70-EA4B76049570}"
EndProject
Global
	GlobalSection(SolutionConfigurationPlatforms) = preSolution
		Debug|Any CPU = Debug|Any CPU
		Debug|ARM = Debug|ARM
		Debug|ARM64 = Debug|ARM64
		Debug|x64 = Debug|x64
		Debug|x86 = Debug|x86
		Release|Any CPU = Release|Any CPU
		Release|ARM = Release|ARM
		Release|ARM64 = Release|ARM64
		Release|x64 = Release|x64
		Release|x86 = Release|x86
	EndGlobalSection
	GlobalSection(ProjectConfigurationPlatforms) = postSolution
		{41B84B23-6B67-4CEF-8A25-054C44843E85}.Debug|Any CPU.ActiveCfg = Debug|Any CPU
		{41B84B23-6B67-4CEF-8A25-054C44843E85}.Debug|Any CPU.Build.0 = Debug|Any CPU
		{41B84B23-6B67-4CEF-8A25-054C44843E85}.Debug|ARM.ActiveCfg = Debug|Any CPU
		{41B84B23-6B67-4CEF-8A25-054C44843E85}.Debug|ARM.Build.0 = Debug|Any CPU
		{41B84B23-6B67-4CEF-8A25-054C44843E85}.Debug|ARM64.ActiveCfg = Debug|Any CPU
		{41B84B23-6B67-4CEF-8A25-054C44843E85}.Debug|ARM64.Build.0 = Debug|Any CPU
		{41B84B23-6B67-4CEF-8A25-054C44843E85}.Debug|x64.ActiveCfg = Debug|x64
		{41B84B23-6B67-4CEF-8A25-054C44843E85}.Debug|x64.Build.0 = Debug|x64
		{41B84B23-6B67-4CEF-8A25-054C44843E85}.Debug|x86.ActiveCfg = Debug|x86
		{41B84B23-6B67-4CEF-8A25-054C44843E85}.Debug|x86.Build.0 = Debug|x86
		{41B84B23-6B67-4CEF-8A25-054C44843E85}.Release|Any CPU.ActiveCfg = Release|Any CPU
		{41B84B23-6B67-4CEF-8A25-054C44843E85}.Release|Any CPU.Build.0 = Release|Any CPU
		{41B84B23-6B67-4CEF-8A25-054C44843E85}.Release|ARM.ActiveCfg = Release|Any CPU
		{41B84B23-6B67-4CEF-8A25-054C44843E85}.Release|ARM.Build.0 = Release|Any CPU
		{41B84B23-6B67-4CEF-8A25-054C44843E85}.Release|ARM64.ActiveCfg = Release|Any CPU
		{41B84B23-6B67-4CEF-8A25-054C44843E85}.Release|ARM64.Build.0 = Release|Any CPU
		{41B84B23-6B67-4CEF-8A25-054C44843E85}.Release|x64.ActiveCfg = Release|x64
		{41B84B23-6B67-4CEF-8A25-054C44843E85}.Release|x64.Build.0 = Release|x64
		{41B84B23-6B67-4CEF-8A25-054C44843E85}.Release|x86.ActiveCfg = Release|x86
		{41B84B23-6B67-4CEF-8A25-054C44843E85}.Release|x86.Build.0 = Release|x86
		{52B53800-6404-420A-9CF6-F49AAAD29A60}.Debug|Any CPU.ActiveCfg = Debug|x86
		{52B53800-6404-420A-9CF6-F49AAAD29A60}.Debug|ARM.ActiveCfg = Debug|ARM
		{52B53800-6404-420A-9CF6-F49AAAD29A60}.Debug|ARM.Build.0 = Debug|ARM
		{52B53800-6404-420A-9CF6-F49AAAD29A60}.Debug|ARM.Deploy.0 = Debug|ARM
		{52B53800-6404-420A-9CF6-F49AAAD29A60}.Debug|ARM64.ActiveCfg = Debug|ARM64
		{52B53800-6404-420A-9CF6-F49AAAD29A60}.Debug|ARM64.Build.0 = Debug|ARM64
		{52B53800-6404-420A-9CF6-F49AAAD29A60}.Debug|ARM64.Deploy.0 = Debug|ARM64
		{52B53800-6404-420A-9CF6-F49AAAD29A60}.Debug|x64.ActiveCfg = Debug|x64
		{52B53800-6404-420A-9CF6-F49AAAD29A60}.Debug|x64.Build.0 = Debug|x64
		{52B53800-6404-420A-9CF6-F49AAAD29A60}.Debug|x64.Deploy.0 = Debug|x64
		{52B53800-6404-420A-9CF6-F49AAAD29A60}.Debug|x86.ActiveCfg = Debug|x86
		{52B53800-6404-420A-9CF6-F49AAAD29A60}.Debug|x86.Build.0 = Debug|x86
		{52B53800-6404-420A-9CF6-F49AAAD29A60}.Debug|x86.Deploy.0 = Debug|x86
		{52B53800-6404-420A-9CF6-F49AAAD29A60}.Release|Any CPU.ActiveCfg = Release|x86
		{52B53800-6404-420A-9CF6-F49AAAD29A60}.Release|ARM.ActiveCfg = Release|ARM
		{52B53800-6404-420A-9CF6-F49AAAD29A60}.Release|ARM.Build.0 = Release|ARM
		{52B53800-6404-420A-9CF6-F49AAAD29A60}.Release|ARM.Deploy.0 = Release|ARM
		{52B53800-6404-420A-9CF6-F49AAAD29A60}.Release|ARM64.ActiveCfg = Release|ARM64
		{52B53800-6404-420A-9CF6-F49AAAD29A60}.Release|ARM64.Build.0 = Release|ARM64
		{52B53800-6404-420A-9CF6-F49AAAD29A60}.Release|ARM64.Deploy.0 = Release|ARM64
		{52B53800-6404-420A-9CF6-F49AAAD29A60}.Release|x64.ActiveCfg = Release|x64
		{52B53800-6404-420A-9CF6-F49AAAD29A60}.Release|x64.Build.0 = Release|x64
		{52B53800-6404-420A-9CF6-F49AAAD29A60}.Release|x64.Deploy.0 = Release|x64
		{52B53800-6404-420A-9CF6-F49AAAD29A60}.Release|x86.ActiveCfg = Release|x86
		{52B53800-6404-420A-9CF6-F49AAAD29A60}.Release|x86.Build.0 = Release|x86
		{52B53800-6404-420A-9CF6-F49AAAD29A60}.Release|x86.Deploy.0 = Release|x86
		{BAEB3FF9-8189-4179-9F70-EA4B76049570}.Debug|Any CPU.ActiveCfg = Debug|Any CPU
		{BAEB3FF9-8189-4179-9F70-EA4B76049570}.Debug|Any CPU.Build.0 = Debug|Any CPU
		{BAEB3FF9-8189-4179-9F70-EA4B76049570}.Debug|ARM.ActiveCfg = Debug|ARM
		{BAEB3FF9-8189-4179-9F70-EA4B76049570}.Debug|ARM.Build.0 = Debug|ARM
		{BAEB3FF9-8189-4179-9F70-EA4B76049570}.Debug|ARM64.ActiveCfg = Debug|ARM64
		{BAEB3FF9-8189-4179-9F70-EA4B76049570}.Debug|ARM64.Build.0 = Debug|ARM64
		{BAEB3FF9-8189-4179-9F70-EA4B76049570}.Debug|x64.ActiveCfg = Debug|x64
		{BAEB3FF9-8189-4179-9F70-EA4B76049570}.Debug|x64.Build.0 = Debug|x64
		{BAEB3FF9-8189-4179-9F70-EA4B76049570}.Debug|x86.ActiveCfg = Debug|x86
		{BAEB3FF9-8189-4179-9F70-EA4B76049570}.Debug|x86.Build.0 = Debug|x86
		{BAEB3FF9-8189-4179-9F70-EA4B76049570}.Release|Any CPU.ActiveCfg = Release|Any CPU
		{BAEB3FF9-8189-4179-9F70-EA4B76049570}.Release|Any CPU.Build.0 = Release|Any CPU
		{BAEB3FF9-8189-4179-9F70-EA4B76049570}.Release|ARM.ActiveCfg = Release|ARM
		{BAEB3FF9-8189-4179-9F70-EA4B76049570}.Release|ARM.Build.0 = Release|ARM
		{BAEB3FF9-8189-4179-9F70-EA4B76049570}.Release|ARM64.ActiveCfg = Release|ARM64
		{BAEB3FF9-8189-4179-9F70-EA4B76049570}.Release|ARM64.Build.0 = Release|ARM64
		{BAEB3FF9-8189-4179-9F70-EA4B76049570}.Release|x64.ActiveCfg = Release|x64
		{BAEB3FF9-8189-4179-9F70-EA4B76049570}.Release|x64.Build.0 = Release|x64
		{BAEB3FF9-8189-4179-9F70-EA4B76049570}.Release|x86.ActiveCfg = Release|x86
		{BAEB3FF9-8189-4179-9F70-EA4B76049570}.Release|x86.Build.0 = Release|x86
	EndGlobalSection
	GlobalSection(SolutionProperties) = preSolution
		HideSolutionNode = FALSE
	EndGlobalSection
	GlobalSection(ExtensibilityGlobals) = postSolution
		SolutionGuid = {610123B0-B303-4841-A754-BE0D8AF515DD}
	EndGlobalSection
EndGlobal
