
Microsoft Visual Studio Solution File, Format Version 12.00
# Visual Studio Version 16
VisualStudioVersion = 16.0.31729.503
MinimumVisualStudioVersion = 10.0.40219.1
Project("{9A19103F-16F7-4668-BE54-9A1E7A4F7556}") = "Lively", "Lively\Lively.csproj", "{8135BD37-5857-415F-AA7B-F58B284C6DDA}"
EndProject
Project("{9A19103F-16F7-4668-BE54-9A1E7A4F7556}") = "Lively.Common", "Lively.Common\Lively.Common.csproj", "{FCC8AE2F-3B96-4BC3-ADCA-7A785F4821C6}"
EndProject
Project("{FAE04EC0-301F-11D3-BF4B-00C04F79EFBC}") = "Lively.Watchdog", "Lively.Watchdog\Lively.Watchdog.csproj", "{BF10DB31-D594-4619-B058-E7DA3D2898D9}"
EndProject
Project("{9A19103F-16F7-4668-BE54-9A1E7A4F7556}") = "Lively.Models", "Lively.Models\Lively.Models.csproj", "{1E3D9D5B-A1FD-4915-95F5-9A52D87FCDEC}"
EndProject
Project("{FAE04EC0-301F-11D3-BF4B-00C04F79EFBC}") = "Lively.MediaPlayerWmf", "Lively.MediaPlayerWmf\Lively.MediaPlayerWmf.csproj", "{95A2CE21-5CF3-4432-8BE5-33B71C2C7A82}"
EndProject
Project("{9A19103F-16F7-4668-BE54-9A1E7A4F7556}") = "Lively.Grpc.Common", "Lively.Grpc.Common\Lively.Grpc.Common.csproj", "{F3E38E78-1670-4E6F-A9FB-041AC30E61E8}"
EndProject
Project("{FAE04EC0-301F-11D3-BF4B-00C04F79EFBC}") = "Lively.UI.Wpf", "Lively.UI.Wpf\Lively.UI.Wpf.csproj", "{DCD14D46-FBB1-4BD6-8A73-B99521FA94DE}"
EndProject
Project("{9A19103F-16F7-4668-BE54-9A1E7A4F7556}") = "Lively.ConsoleDemo", "Lively.ConsoleDemo\Lively.ConsoleDemo.csproj", "{F2B9EF4C-0925-4CFC-9B7F-3EF87AF907A3}"
EndProject
Project("{FAE04EC0-301F-11D3-BF4B-00C04F79EFBC}") = "Lively.Grpc.Client", "Lively.Grpc.Client\Lively.Grpc.Client.csproj", "{E2DD302F-D4EA-45EF-9F79-46BFAB8A3A1D}"
EndProject
Global
	GlobalSection(SolutionConfigurationPlatforms) = preSolution
		Debug|Any CPU = Debug|Any CPU
		Release|Any CPU = Release|Any CPU
	EndGlobalSection
	GlobalSection(ProjectConfigurationPlatforms) = postSolution
		{8135BD37-5857-415F-AA7B-F58B284C6DDA}.Debug|Any CPU.ActiveCfg = Debug|Any CPU
		{8135BD37-5857-415F-AA7B-F58B284C6DDA}.Debug|Any CPU.Build.0 = Debug|Any CPU
		{8135BD37-5857-415F-AA7B-F58B284C6DDA}.Release|Any CPU.ActiveCfg = Release|Any CPU
		{8135BD37-5857-415F-AA7B-F58B284C6DDA}.Release|Any CPU.Build.0 = Release|Any CPU
		{FCC8AE2F-3B96-4BC3-ADCA-7A785F4821C6}.Debug|Any CPU.ActiveCfg = Debug|Any CPU
		{FCC8AE2F-3B96-4BC3-ADCA-7A785F4821C6}.Debug|Any CPU.Build.0 = Debug|Any CPU
		{FCC8AE2F-3B96-4BC3-ADCA-7A785F4821C6}.Release|Any CPU.ActiveCfg = Release|Any CPU
		{FCC8AE2F-3B96-4BC3-ADCA-7A785F4821C6}.Release|Any CPU.Build.0 = Release|Any CPU
		{BF10DB31-D594-4619-B058-E7DA3D2898D9}.Debug|Any CPU.ActiveCfg = Debug|Any CPU
		{BF10DB31-D594-4619-B058-E7DA3D2898D9}.Debug|Any CPU.Build.0 = Debug|Any CPU
		{BF10DB31-D594-4619-B058-E7DA3D2898D9}.Release|Any CPU.ActiveCfg = Release|Any CPU
		{BF10DB31-D594-4619-B058-E7DA3D2898D9}.Release|Any CPU.Build.0 = Release|Any CPU
		{1E3D9D5B-A1FD-4915-95F5-9A52D87FCDEC}.Debug|Any CPU.ActiveCfg = Debug|Any CPU
		{1E3D9D5B-A1FD-4915-95F5-9A52D87FCDEC}.Debug|Any CPU.Build.0 = Debug|Any CPU
		{1E3D9D5B-A1FD-4915-95F5-9A52D87FCDEC}.Release|Any CPU.ActiveCfg = Release|Any CPU
		{1E3D9D5B-A1FD-4915-95F5-9A52D87FCDEC}.Release|Any CPU.Build.0 = Release|Any CPU
		{95A2CE21-5CF3-4432-8BE5-33B71C2C7A82}.Debug|Any CPU.ActiveCfg = Debug|Any CPU
		{95A2CE21-5CF3-4432-8BE5-33B71C2C7A82}.Debug|Any CPU.Build.0 = Debug|Any CPU
		{95A2CE21-5CF3-4432-8BE5-33B71C2C7A82}.Release|Any CPU.ActiveCfg = Release|Any CPU
		{95A2CE21-5CF3-4432-8BE5-33B71C2C7A82}.Release|Any CPU.Build.0 = Release|Any CPU
		{F3E38E78-1670-4E6F-A9FB-041AC30E61E8}.Debug|Any CPU.ActiveCfg = Debug|Any CPU
		{F3E38E78-1670-4E6F-A9FB-041AC30E61E8}.Debug|Any CPU.Build.0 = Debug|Any CPU
		{F3E38E78-1670-4E6F-A9FB-041AC30E61E8}.Release|Any CPU.ActiveCfg = Release|Any CPU
		{F3E38E78-1670-4E6F-A9FB-041AC30E61E8}.Release|Any CPU.Build.0 = Release|Any CPU
		{DCD14D46-FBB1-4BD6-8A73-B99521FA94DE}.Debug|Any CPU.ActiveCfg = Debug|Any CPU
		{DCD14D46-FBB1-4BD6-8A73-B99521FA94DE}.Debug|Any CPU.Build.0 = Debug|Any CPU
		{DCD14D46-FBB1-4BD6-8A73-B99521FA94DE}.Release|Any CPU.ActiveCfg = Release|Any CPU
		{DCD14D46-FBB1-4BD6-8A73-B99521FA94DE}.Release|Any CPU.Build.0 = Release|Any CPU
		{F2B9EF4C-0925-4CFC-9B7F-3EF87AF907A3}.Debug|Any CPU.ActiveCfg = Debug|Any CPU
		{F2B9EF4C-0925-4CFC-9B7F-3EF87AF907A3}.Debug|Any CPU.Build.0 = Debug|Any CPU
		{F2B9EF4C-0925-4CFC-9B7F-3EF87AF907A3}.Release|Any CPU.ActiveCfg = Release|Any CPU
		{F2B9EF4C-0925-4CFC-9B7F-3EF87AF907A3}.Release|Any CPU.Build.0 = Release|Any CPU
		{E2DD302F-D4EA-45EF-9F79-46BFAB8A3A1D}.Debug|Any CPU.ActiveCfg = Debug|Any CPU
		{E2DD302F-D4EA-45EF-9F79-46BFAB8A3A1D}.Debug|Any CPU.Build.0 = Debug|Any CPU
		{E2DD302F-D4EA-45EF-9F79-46BFAB8A3A1D}.Release|Any CPU.ActiveCfg = Release|Any CPU
		{E2DD302F-D4EA-45EF-9F79-46BFAB8A3A1D}.Release|Any CPU.Build.0 = Release|Any CPU
	EndGlobalSection
	GlobalSection(SolutionProperties) = preSolution
		HideSolutionNode = FALSE
	EndGlobalSection
	GlobalSection(ExtensibilityGlobals) = postSolution
		SolutionGuid = {96586925-06A4-4201-84E5-DD8ED237CC7E}
	EndGlobalSection
EndGlobal
